
Microsoft Visual Studio Solution File, Format Version 12.00
# Visual Studio Version 16
VisualStudioVersion = 16.0.31025.194
MinimumVisualStudioVersion = 10.0.40219.1
Project("{FAE04EC0-301F-11D3-BF4B-00C04F79EFBC}") = "Concordance", "Concordance\Concordance.csproj", "{4CA7EB69-6BB1-403D-A969-8F385EEA71DA}"
EndProject
Global
	GlobalSection(SolutionConfigurationPlatforms) = preSolution
		Debug|Any CPU = Debug|Any CPU
		Release|Any CPU = Release|Any CPU
	EndGlobalSection
	GlobalSection(ProjectConfigurationPlatforms) = postSolution
		{4CA7EB69-6BB1-403D-A969-8F385EEA71DA}.Debug|Any CPU.ActiveCfg = Debug|Any CPU
		{4CA7EB69-6BB1-403D-A969-8F385EEA71DA}.Debug|Any CPU.Build.0 = Debug|Any CPU
		{4CA7EB69-6BB1-403D-A969-8F385EEA71DA}.Release|Any CPU.ActiveCfg = Release|Any CPU
		{4CA7EB69-6BB1-403D-A969-8F385EEA71DA}.Release|Any CPU.Build.0 = Release|Any CPU
	EndGlobalSection
	GlobalSection(SolutionProperties) = preSolution
		HideSolutionNode = FALSE
	EndGlobalSection
	GlobalSection(ExtensibilityGlobals) = postSolution
		SolutionGuid = {B519781B-9A1B-4555-AAE9-94C33099D7D3}
	EndGlobalSection
EndGlobal
